
Microsoft Visual Studio Solution File, Format Version 12.00
# Visual Studio Version 16
VisualStudioVersion = 16.0.31112.23
MinimumVisualStudioVersion = 10.0.40219.1
Project("{9A19103F-16F7-4668-BE54-9A1E7A4F7556}") = "HomeWork5", "HomeWork5\HomeWork5.csproj", "{01803882-97D1-475B-A7A7-AF06282CDEBA}"
EndProject
Project("{FAE04EC0-301F-11D3-BF4B-00C04F79EFBC}") = "TestOrderService", "TestOrderService\TestOrderService.csproj", "{67524351-4FAA-4642-B5CA-CA1B3C7F7FB1}"
EndProject
Global
	GlobalSection(SolutionConfigurationPlatforms) = preSolution
		Debug|Any CPU = Debug|Any CPU
		Release|Any CPU = Release|Any CPU
	EndGlobalSection
	GlobalSection(ProjectConfigurationPlatforms) = postSolution
		{01803882-97D1-475B-A7A7-AF06282CDEBA}.Debug|Any CPU.ActiveCfg = Debug|Any CPU
		{01803882-97D1-475B-A7A7-AF06282CDEBA}.Debug|Any CPU.Build.0 = Debug|Any CPU
		{01803882-97D1-475B-A7A7-AF06282CDEBA}.Release|Any CPU.ActiveCfg = Release|Any CPU
		{01803882-97D1-475B-A7A7-AF06282CDEBA}.Release|Any CPU.Build.0 = Release|Any CPU
		{67524351-4FAA-4642-B5CA-CA1B3C7F7FB1}.Debug|Any CPU.ActiveCfg = Debug|Any CPU
		{67524351-4FAA-4642-B5CA-CA1B3C7F7FB1}.Debug|Any CPU.Build.0 = Debug|Any CPU
		{67524351-4FAA-4642-B5CA-CA1B3C7F7FB1}.Release|Any CPU.ActiveCfg = Release|Any CPU
		{67524351-4FAA-4642-B5CA-CA1B3C7F7FB1}.Release|Any CPU.Build.0 = Release|Any CPU
	EndGlobalSection
	GlobalSection(SolutionProperties) = preSolution
		HideSolutionNode = FALSE
	EndGlobalSection
	GlobalSection(ExtensibilityGlobals) = postSolution
		SolutionGuid = {3638A3C9-B425-4AAC-B83E-0F001CDF6FC4}
	EndGlobalSection
EndGlobal
