
Microsoft Visual Studio Solution File, Format Version 12.00
# Visual Studio Version 16
VisualStudioVersion = 16.0.31112.23
MinimumVisualStudioVersion = 10.0.40219.1
Project("{FAE04EC0-301F-11D3-BF4B-00C04F79EFBC}") = "HomewWork9", "HomewWork9\HomewWork9.csproj", "{42FCD488-C782-4B7D-A13B-BA57110E1F2F}"
EndProject
Global
	GlobalSection(SolutionConfigurationPlatforms) = preSolution
		Debug|Any CPU = Debug|Any CPU
		Release|Any CPU = Release|Any CPU
	EndGlobalSection
	GlobalSection(ProjectConfigurationPlatforms) = postSolution
		{42FCD488-C782-4B7D-A13B-BA57110E1F2F}.Debug|Any CPU.ActiveCfg = Debug|Any CPU
		{42FCD488-C782-4B7D-A13B-BA57110E1F2F}.Debug|Any CPU.Build.0 = Debug|Any CPU
		{42FCD488-C782-4B7D-A13B-BA57110E1F2F}.Release|Any CPU.ActiveCfg = Release|Any CPU
		{42FCD488-C782-4B7D-A13B-BA57110E1F2F}.Release|Any CPU.Build.0 = Release|Any CPU
	EndGlobalSection
	GlobalSection(SolutionProperties) = preSolution
		HideSolutionNode = FALSE
	EndGlobalSection
	GlobalSection(ExtensibilityGlobals) = postSolution
		SolutionGuid = {85122FB1-0232-455B-9D49-8130EFD6A2D8}
	EndGlobalSection
EndGlobal
