
Microsoft Visual Studio Solution File, Format Version 12.00
# Visual Studio Version 16
VisualStudioVersion = 16.0.31019.35
MinimumVisualStudioVersion = 10.0.40219.1
Project("{9A19103F-16F7-4668-BE54-9A1E7A4F7556}") = "HomeWork3", "HomeWork3\HomeWork3.csproj", "{30565626-1188-42F8-83FA-D8006B3C5C21}"
EndProject
Global
	GlobalSection(SolutionConfigurationPlatforms) = preSolution
		Debug|Any CPU = Debug|Any CPU
		Release|Any CPU = Release|Any CPU
	EndGlobalSection
	GlobalSection(ProjectConfigurationPlatforms) = postSolution
		{30565626-1188-42F8-83FA-D8006B3C5C21}.Debug|Any CPU.ActiveCfg = Debug|Any CPU
		{30565626-1188-42F8-83FA-D8006B3C5C21}.Debug|Any CPU.Build.0 = Debug|Any CPU
		{30565626-1188-42F8-83FA-D8006B3C5C21}.Release|Any CPU.ActiveCfg = Release|Any CPU
		{30565626-1188-42F8-83FA-D8006B3C5C21}.Release|Any CPU.Build.0 = Release|Any CPU
	EndGlobalSection
	GlobalSection(SolutionProperties) = preSolution
		HideSolutionNode = FALSE
	EndGlobalSection
	GlobalSection(ExtensibilityGlobals) = postSolution
		SolutionGuid = {326E1142-BEC3-4F84-8020-498CE53F07B5}
	EndGlobalSection
EndGlobal
