
Microsoft Visual Studio Solution File, Format Version 12.00
# Visual Studio Version 16
VisualStudioVersion = 16.0.31019.35
MinimumVisualStudioVersion = 10.0.40219.1
Project("{FAE04EC0-301F-11D3-BF4B-00C04F79EFBC}") = "calculation1", "calculation1\calculation1.csproj", "{77B75DD4-1A38-409F-A491-4D6A81F76C34}"
EndProject
Global
	GlobalSection(SolutionConfigurationPlatforms) = preSolution
		Debug|Any CPU = Debug|Any CPU
		Release|Any CPU = Release|Any CPU
	EndGlobalSection
	GlobalSection(ProjectConfigurationPlatforms) = postSolution
		{77B75DD4-1A38-409F-A491-4D6A81F76C34}.Debug|Any CPU.ActiveCfg = Debug|Any CPU
		{77B75DD4-1A38-409F-A491-4D6A81F76C34}.Debug|Any CPU.Build.0 = Debug|Any CPU
		{77B75DD4-1A38-409F-A491-4D6A81F76C34}.Release|Any CPU.ActiveCfg = Release|Any CPU
		{77B75DD4-1A38-409F-A491-4D6A81F76C34}.Release|Any CPU.Build.0 = Release|Any CPU
	EndGlobalSection
	GlobalSection(SolutionProperties) = preSolution
		HideSolutionNode = FALSE
	EndGlobalSection
	GlobalSection(ExtensibilityGlobals) = postSolution
		SolutionGuid = {F42E56A2-A96F-4D47-936F-8F12B9D0BAD3}
	EndGlobalSection
EndGlobal
